
Microsoft Visual Studio Solution File, Format Version 12.00
# Visual Studio 15
Project("{FAE04EC0-301F-11D3-BF4B-00C04F79EFBC}") = "UnityEngine.TestRunner", "UnityEngine.TestRunner.csproj", "{80E5A445-50CC-2FC3-B110-8F5A057A9F93}"
EndProject
Project("{FAE04EC0-301F-11D3-BF4B-00C04F79EFBC}") = "Unity.2D.Animation.Triangle.Runtime", "Unity.2D.Animation.Triangle.Runtime.csproj", "{568B6EFF-937F-FB83-96B0-BB43778FB8E9}"
EndProject
Project("{FAE04EC0-301F-11D3-BF4B-00C04F79EFBC}") = "Unity.TextMeshPro", "Unity.TextMeshPro.csproj", "{1F92CC13-86C2-515D-5A30-8AC114738159}"
EndProject
Project("{FAE04EC0-301F-11D3-BF4B-00C04F79EFBC}") = "Unity.2D.Animation.Runtime", "Unity.2D.Animation.Runtime.csproj", "{E17CD232-B90E-439A-64D4-10FB8A6C3B9E}"
EndProject
Project("{FAE04EC0-301F-11D3-BF4B-00C04F79EFBC}") = "Unity.Timeline", "Unity.Timeline.csproj", "{AA967D00-B03B-3C29-0DB4-B0BD5085E506}"
EndProject
Project("{FAE04EC0-301F-11D3-BF4B-00C04F79EFBC}") = "Unity.Mathematics", "Unity.Mathematics.csproj", "{2FC967C8-31BD-6BF8-A783-90FA90264F96}"
EndProject
Project("{FAE04EC0-301F-11D3-BF4B-00C04F79EFBC}") = "Unity.2D.SpriteShape.Runtime", "Unity.2D.SpriteShape.Runtime.csproj", "{DB839D09-F901-4581-0DF9-050BFC0CBF91}"
EndProject
Project("{FAE04EC0-301F-11D3-BF4B-00C04F79EFBC}") = "Assembly-CSharp", "Assembly-CSharp.csproj", "{B5EEC080-2FFF-86E4-7164-8CEBF50C5330}"
EndProject
Project("{FAE04EC0-301F-11D3-BF4B-00C04F79EFBC}") = "Unity.2D.PixelPerfect", "Unity.2D.PixelPerfect.csproj", "{A2F081F4-F5BC-039F-D8CD-DA9DF44103A4}"
EndProject
Project("{FAE04EC0-301F-11D3-BF4B-00C04F79EFBC}") = "Unity.InternalAPIEngineBridge.001", "Unity.InternalAPIEngineBridge.001.csproj", "{E899E103-9BF1-C360-C061-794D6934EEE2}"
EndProject
Project("{FAE04EC0-301F-11D3-BF4B-00C04F79EFBC}") = "Unity.2D.Common.Runtime", "Unity.2D.Common.Runtime.csproj", "{E046C08B-6277-57E0-324A-5A37650DF5A7}"
EndProject
Project("{FAE04EC0-301F-11D3-BF4B-00C04F79EFBC}") = "Unity.TextMeshPro.Editor", "Unity.TextMeshPro.Editor.csproj", "{4877FBC9-4ACD-CFE4-0E8C-FA86A2AC8EBD}"
EndProject
Project("{FAE04EC0-301F-11D3-BF4B-00C04F79EFBC}") = "Unity.Timeline.Editor", "Unity.Timeline.Editor.csproj", "{90FBA404-BB15-7EB3-D4FB-156F3DAAD80C}"
EndProject
Project("{FAE04EC0-301F-11D3-BF4B-00C04F79EFBC}") = "UnityEditor.TestRunner", "UnityEditor.TestRunner.csproj", "{DA5FCC8B-2123-E93A-AE4E-38D6C143A99F}"
EndProject
Project("{FAE04EC0-301F-11D3-BF4B-00C04F79EFBC}") = "Unity.2D.Animation.Editor", "Unity.2D.Animation.Editor.csproj", "{2B34C537-14D6-8F60-8EF9-08E9BF564A8B}"
EndProject
Project("{FAE04EC0-301F-11D3-BF4B-00C04F79EFBC}") = "Unity.2D.Path.Editor", "Unity.2D.Path.Editor.csproj", "{B1650ECE-EACB-C67D-21B5-C6DFB0A44CDB}"
EndProject
Project("{FAE04EC0-301F-11D3-BF4B-00C04F79EFBC}") = "Unity.Rider.Editor", "Unity.Rider.Editor.csproj", "{F79519CC-46C0-8F02-86DA-D2ACC5DF3B16}"
EndProject
Project("{FAE04EC0-301F-11D3-BF4B-00C04F79EFBC}") = "Unity.2D.SpriteShape.Editor", "Unity.2D.SpriteShape.Editor.csproj", "{FCE89DF4-38B8-6CBE-60B2-6AD211B6E3E1}"
EndProject
Project("{FAE04EC0-301F-11D3-BF4B-00C04F79EFBC}") = "PsdPlugin", "PsdPlugin.csproj", "{44EED64B-CF4F-DB20-A5D8-F1EE77F85637}"
EndProject
Project("{FAE04EC0-301F-11D3-BF4B-00C04F79EFBC}") = "Unity.CollabProxy.Editor", "Unity.CollabProxy.Editor.csproj", "{6CED94F2-3145-17A1-DE59-361401DAB951}"
EndProject
Project("{FAE04EC0-301F-11D3-BF4B-00C04F79EFBC}") = "Unity.2D.Common.Editor", "Unity.2D.Common.Editor.csproj", "{29407E81-B360-F2DE-710D-5A96FBC10920}"
EndProject
Project("{FAE04EC0-301F-11D3-BF4B-00C04F79EFBC}") = "Unity.VSCode.Editor", "Unity.VSCode.Editor.csproj", "{F33E8BD4-6338-4492-FA95-5277E2A3C43C}"
EndProject
Project("{FAE04EC0-301F-11D3-BF4B-00C04F79EFBC}") = "Unity.2D.Psdimporter.Editor", "Unity.2D.Psdimporter.Editor.csproj", "{E889A530-DD47-D735-A624-910742F69410}"
EndProject
Project("{FAE04EC0-301F-11D3-BF4B-00C04F79EFBC}") = "Unity.2D.PixelPerfect.Editor", "Unity.2D.PixelPerfect.Editor.csproj", "{B48E0559-C04C-33BA-0D46-2E7451627255}"
EndProject
Project("{FAE04EC0-301F-11D3-BF4B-00C04F79EFBC}") = "Unity.Mathematics.Editor", "Unity.Mathematics.Editor.csproj", "{BE7E343D-A0BD-6AAE-4065-49530A6D882E}"
EndProject
Project("{FAE04EC0-301F-11D3-BF4B-00C04F79EFBC}") = "Unity.InternalAPIEditorBridge.001", "Unity.InternalAPIEditorBridge.001.csproj", "{1BBD3755-FB0B-0EE6-34BB-B3A2FD23D10F}"
EndProject
Global
	GlobalSection(SolutionConfigurationPlatforms) = preSolution
		Debug|Any CPU = Debug|Any CPU
		Release|Any CPU = Release|Any CPU
	EndGlobalSection
	GlobalSection(ProjectConfigurationPlatforms) = postSolution
		{80E5A445-50CC-2FC3-B110-8F5A057A9F93}.Debug|Any CPU.ActiveCfg = Debug|Any CPU
		{80E5A445-50CC-2FC3-B110-8F5A057A9F93}.Debug|Any CPU.Build.0 = Debug|Any CPU
		{80E5A445-50CC-2FC3-B110-8F5A057A9F93}.Release|Any CPU.ActiveCfg = Release|Any CPU
		{80E5A445-50CC-2FC3-B110-8F5A057A9F93}.Release|Any CPU.Build.0 = Release|Any CPU
		{568B6EFF-937F-FB83-96B0-BB43778FB8E9}.Debug|Any CPU.ActiveCfg = Debug|Any CPU
		{568B6EFF-937F-FB83-96B0-BB43778FB8E9}.Debug|Any CPU.Build.0 = Debug|Any CPU
		{568B6EFF-937F-FB83-96B0-BB43778FB8E9}.Release|Any CPU.ActiveCfg = Release|Any CPU
		{568B6EFF-937F-FB83-96B0-BB43778FB8E9}.Release|Any CPU.Build.0 = Release|Any CPU
		{1F92CC13-86C2-515D-5A30-8AC114738159}.Debug|Any CPU.ActiveCfg = Debug|Any CPU
		{1F92CC13-86C2-515D-5A30-8AC114738159}.Debug|Any CPU.Build.0 = Debug|Any CPU
		{1F92CC13-86C2-515D-5A30-8AC114738159}.Release|Any CPU.ActiveCfg = Release|Any CPU
		{1F92CC13-86C2-515D-5A30-8AC114738159}.Release|Any CPU.Build.0 = Release|Any CPU
		{E17CD232-B90E-439A-64D4-10FB8A6C3B9E}.Debug|Any CPU.ActiveCfg = Debug|Any CPU
		{E17CD232-B90E-439A-64D4-10FB8A6C3B9E}.Debug|Any CPU.Build.0 = Debug|Any CPU
		{E17CD232-B90E-439A-64D4-10FB8A6C3B9E}.Release|Any CPU.ActiveCfg = Release|Any CPU
		{E17CD232-B90E-439A-64D4-10FB8A6C3B9E}.Release|Any CPU.Build.0 = Release|Any CPU
		{AA967D00-B03B-3C29-0DB4-B0BD5085E506}.Debug|Any CPU.ActiveCfg = Debug|Any CPU
		{AA967D00-B03B-3C29-0DB4-B0BD5085E506}.Debug|Any CPU.Build.0 = Debug|Any CPU
		{AA967D00-B03B-3C29-0DB4-B0BD5085E506}.Release|Any CPU.ActiveCfg = Release|Any CPU
		{AA967D00-B03B-3C29-0DB4-B0BD5085E506}.Release|Any CPU.Build.0 = Release|Any CPU
		{2FC967C8-31BD-6BF8-A783-90FA90264F96}.Debug|Any CPU.ActiveCfg = Debug|Any CPU
		{2FC967C8-31BD-6BF8-A783-90FA90264F96}.Debug|Any CPU.Build.0 = Debug|Any CPU
		{2FC967C8-31BD-6BF8-A783-90FA90264F96}.Release|Any CPU.ActiveCfg = Release|Any CPU
		{2FC967C8-31BD-6BF8-A783-90FA90264F96}.Release|Any CPU.Build.0 = Release|Any CPU
		{DB839D09-F901-4581-0DF9-050BFC0CBF91}.Debug|Any CPU.ActiveCfg = Debug|Any CPU
		{DB839D09-F901-4581-0DF9-050BFC0CBF91}.Debug|Any CPU.Build.0 = Debug|Any CPU
		{DB839D09-F901-4581-0DF9-050BFC0CBF91}.Release|Any CPU.ActiveCfg = Release|Any CPU
		{DB839D09-F901-4581-0DF9-050BFC0CBF91}.Release|Any CPU.Build.0 = Release|Any CPU
		{B5EEC080-2FFF-86E4-7164-8CEBF50C5330}.Debug|Any CPU.ActiveCfg = Debug|Any CPU
		{B5EEC080-2FFF-86E4-7164-8CEBF50C5330}.Debug|Any CPU.Build.0 = Debug|Any CPU
		{B5EEC080-2FFF-86E4-7164-8CEBF50C5330}.Release|Any CPU.ActiveCfg = Release|Any CPU
		{B5EEC080-2FFF-86E4-7164-8CEBF50C5330}.Release|Any CPU.Build.0 = Release|Any CPU
		{A2F081F4-F5BC-039F-D8CD-DA9DF44103A4}.Debug|Any CPU.ActiveCfg = Debug|Any CPU
		{A2F081F4-F5BC-039F-D8CD-DA9DF44103A4}.Debug|Any CPU.Build.0 = Debug|Any CPU
		{A2F081F4-F5BC-039F-D8CD-DA9DF44103A4}.Release|Any CPU.ActiveCfg = Release|Any CPU
		{A2F081F4-F5BC-039F-D8CD-DA9DF44103A4}.Release|Any CPU.Build.0 = Release|Any CPU
		{E899E103-9BF1-C360-C061-794D6934EEE2}.Debug|Any CPU.ActiveCfg = Debug|Any CPU
		{E899E103-9BF1-C360-C061-794D6934EEE2}.Debug|Any CPU.Build.0 = Debug|Any CPU
		{E899E103-9BF1-C360-C061-794D6934EEE2}.Release|Any CPU.ActiveCfg = Release|Any CPU
		{E899E103-9BF1-C360-C061-794D6934EEE2}.Release|Any CPU.Build.0 = Release|Any CPU
		{E046C08B-6277-57E0-324A-5A37650DF5A7}.Debug|Any CPU.ActiveCfg = Debug|Any CPU
		{E046C08B-6277-57E0-324A-5A37650DF5A7}.Debug|Any CPU.Build.0 = Debug|Any CPU
		{E046C08B-6277-57E0-324A-5A37650DF5A7}.Release|Any CPU.ActiveCfg = Release|Any CPU
		{E046C08B-6277-57E0-324A-5A37650DF5A7}.Release|Any CPU.Build.0 = Release|Any CPU
		{4877FBC9-4ACD-CFE4-0E8C-FA86A2AC8EBD}.Debug|Any CPU.ActiveCfg = Debug|Any CPU
		{4877FBC9-4ACD-CFE4-0E8C-FA86A2AC8EBD}.Debug|Any CPU.Build.0 = Debug|Any CPU
		{4877FBC9-4ACD-CFE4-0E8C-FA86A2AC8EBD}.Release|Any CPU.ActiveCfg = Release|Any CPU
		{4877FBC9-4ACD-CFE4-0E8C-FA86A2AC8EBD}.Release|Any CPU.Build.0 = Release|Any CPU
		{90FBA404-BB15-7EB3-D4FB-156F3DAAD80C}.Debug|Any CPU.ActiveCfg = Debug|Any CPU
		{90FBA404-BB15-7EB3-D4FB-156F3DAAD80C}.Debug|Any CPU.Build.0 = Debug|Any CPU
		{90FBA404-BB15-7EB3-D4FB-156F3DAAD80C}.Release|Any CPU.ActiveCfg = Release|Any CPU
		{90FBA404-BB15-7EB3-D4FB-156F3DAAD80C}.Release|Any CPU.Build.0 = Release|Any CPU
		{DA5FCC8B-2123-E93A-AE4E-38D6C143A99F}.Debug|Any CPU.ActiveCfg = Debug|Any CPU
		{DA5FCC8B-2123-E93A-AE4E-38D6C143A99F}.Debug|Any CPU.Build.0 = Debug|Any CPU
		{DA5FCC8B-2123-E93A-AE4E-38D6C143A99F}.Release|Any CPU.ActiveCfg = Release|Any CPU
		{DA5FCC8B-2123-E93A-AE4E-38D6C143A99F}.Release|Any CPU.Build.0 = Release|Any CPU
		{2B34C537-14D6-8F60-8EF9-08E9BF564A8B}.Debug|Any CPU.ActiveCfg = Debug|Any CPU
		{2B34C537-14D6-8F60-8EF9-08E9BF564A8B}.Debug|Any CPU.Build.0 = Debug|Any CPU
		{2B34C537-14D6-8F60-8EF9-08E9BF564A8B}.Release|Any CPU.ActiveCfg = Release|Any CPU
		{2B34C537-14D6-8F60-8EF9-08E9BF564A8B}.Release|Any CPU.Build.0 = Release|Any CPU
		{B1650ECE-EACB-C67D-21B5-C6DFB0A44CDB}.Debug|Any CPU.ActiveCfg = Debug|Any CPU
		{B1650ECE-EACB-C67D-21B5-C6DFB0A44CDB}.Debug|Any CPU.Build.0 = Debug|Any CPU
		{B1650ECE-EACB-C67D-21B5-C6DFB0A44CDB}.Release|Any CPU.ActiveCfg = Release|Any CPU
		{B1650ECE-EACB-C67D-21B5-C6DFB0A44CDB}.Release|Any CPU.Build.0 = Release|Any CPU
		{F79519CC-46C0-8F02-86DA-D2ACC5DF3B16}.Debug|Any CPU.ActiveCfg = Debug|Any CPU
		{F79519CC-46C0-8F02-86DA-D2ACC5DF3B16}.Debug|Any CPU.Build.0 = Debug|Any CPU
		{F79519CC-46C0-8F02-86DA-D2ACC5DF3B16}.Release|Any CPU.ActiveCfg = Release|Any CPU
		{F79519CC-46C0-8F02-86DA-D2ACC5DF3B16}.Release|Any CPU.Build.0 = Release|Any CPU
		{FCE89DF4-38B8-6CBE-60B2-6AD211B6E3E1}.Debug|Any CPU.ActiveCfg = Debug|Any CPU
		{FCE89DF4-38B8-6CBE-60B2-6AD211B6E3E1}.Debug|Any CPU.Build.0 = Debug|Any CPU
		{FCE89DF4-38B8-6CBE-60B2-6AD211B6E3E1}.Release|Any CPU.ActiveCfg = Release|Any CPU
		{FCE89DF4-38B8-6CBE-60B2-6AD211B6E3E1}.Release|Any CPU.Build.0 = Release|Any CPU
		{44EED64B-CF4F-DB20-A5D8-F1EE77F85637}.Debug|Any CPU.ActiveCfg = Debug|Any CPU
		{44EED64B-CF4F-DB20-A5D8-F1EE77F85637}.Debug|Any CPU.Build.0 = Debug|Any CPU
		{44EED64B-CF4F-DB20-A5D8-F1EE77F85637}.Release|Any CPU.ActiveCfg = Release|Any CPU
		{44EED64B-CF4F-DB20-A5D8-F1EE77F85637}.Release|Any CPU.Build.0 = Release|Any CPU
		{6CED94F2-3145-17A1-DE59-361401DAB951}.Debug|Any CPU.ActiveCfg = Debug|Any CPU
		{6CED94F2-3145-17A1-DE59-361401DAB951}.Debug|Any CPU.Build.0 = Debug|Any CPU
		{6CED94F2-3145-17A1-DE59-361401DAB951}.Release|Any CPU.ActiveCfg = Release|Any CPU
		{6CED94F2-3145-17A1-DE59-361401DAB951}.Release|Any CPU.Build.0 = Release|Any CPU
		{29407E81-B360-F2DE-710D-5A96FBC10920}.Debug|Any CPU.ActiveCfg = Debug|Any CPU
		{29407E81-B360-F2DE-710D-5A96FBC10920}.Debug|Any CPU.Build.0 = Debug|Any CPU
		{29407E81-B360-F2DE-710D-5A96FBC10920}.Release|Any CPU.ActiveCfg = Release|Any CPU
		{29407E81-B360-F2DE-710D-5A96FBC10920}.Release|Any CPU.Build.0 = Release|Any CPU
		{F33E8BD4-6338-4492-FA95-5277E2A3C43C}.Debug|Any CPU.ActiveCfg = Debug|Any CPU
		{F33E8BD4-6338-4492-FA95-5277E2A3C43C}.Debug|Any CPU.Build.0 = Debug|Any CPU
		{F33E8BD4-6338-4492-FA95-5277E2A3C43C}.Release|Any CPU.ActiveCfg = Release|Any CPU
		{F33E8BD4-6338-4492-FA95-5277E2A3C43C}.Release|Any CPU.Build.0 = Release|Any CPU
		{E889A530-DD47-D735-A624-910742F69410}.Debug|Any CPU.ActiveCfg = Debug|Any CPU
		{E889A530-DD47-D735-A624-910742F69410}.Debug|Any CPU.Build.0 = Debug|Any CPU
		{E889A530-DD47-D735-A624-910742F69410}.Release|Any CPU.ActiveCfg = Release|Any CPU
		{E889A530-DD47-D735-A624-910742F69410}.Release|Any CPU.Build.0 = Release|Any CPU
		{B48E0559-C04C-33BA-0D46-2E7451627255}.Debug|Any CPU.ActiveCfg = Debug|Any CPU
		{B48E0559-C04C-33BA-0D46-2E7451627255}.Debug|Any CPU.Build.0 = Debug|Any CPU
		{B48E0559-C04C-33BA-0D46-2E7451627255}.Release|Any CPU.ActiveCfg = Release|Any CPU
		{B48E0559-C04C-33BA-0D46-2E7451627255}.Release|Any CPU.Build.0 = Release|Any CPU
		{BE7E343D-A0BD-6AAE-4065-49530A6D882E}.Debug|Any CPU.ActiveCfg = Debug|Any CPU
		{BE7E343D-A0BD-6AAE-4065-49530A6D882E}.Debug|Any CPU.Build.0 = Debug|Any CPU
		{BE7E343D-A0BD-6AAE-4065-49530A6D882E}.Release|Any CPU.ActiveCfg = Release|Any CPU
		{BE7E343D-A0BD-6AAE-4065-49530A6D882E}.Release|Any CPU.Build.0 = Release|Any CPU
		{1BBD3755-FB0B-0EE6-34BB-B3A2FD23D10F}.Debug|Any CPU.ActiveCfg = Debug|Any CPU
		{1BBD3755-FB0B-0EE6-34BB-B3A2FD23D10F}.Debug|Any CPU.Build.0 = Debug|Any CPU
		{1BBD3755-FB0B-0EE6-34BB-B3A2FD23D10F}.Release|Any CPU.ActiveCfg = Release|Any CPU
		{1BBD3755-FB0B-0EE6-34BB-B3A2FD23D10F}.Release|Any CPU.Build.0 = Release|Any CPU
	EndGlobalSection
	GlobalSection(SolutionProperties) = preSolution
		HideSolutionNode = FALSE
	EndGlobalSection
EndGlobal
